
Microsoft Visual Studio Solution File, Format Version 12.00
# Visual Studio Version 16
VisualStudioVersion = 16.0.28803.156
MinimumVisualStudioVersion = 10.0.40219.1
Project("{9A19103F-16F7-4668-BE54-9A1E7A4F7556}") = "MediaIngester", "MediaIngester.csproj", "{39EDDAEF-5DA1-4A5E-B191-103EA32B336B}"
EndProject
Global
	GlobalSection(SolutionConfigurationPlatforms) = preSolution
		Debug|Any CPU = Debug|Any CPU
		Release|Any CPU = Release|Any CPU
	EndGlobalSection
	GlobalSection(ProjectConfigurationPlatforms) = postSolution
		{39EDDAEF-5DA1-4A5E-B191-103EA32B336B}.Debug|Any CPU.ActiveCfg = Debug|Any CPU
		{39EDDAEF-5DA1-4A5E-B191-103EA32B336B}.Debug|Any CPU.Build.0 = Debug|Any CPU
		{39EDDAEF-5DA1-4A5E-B191-103EA32B336B}.Release|Any CPU.ActiveCfg = Release|Any CPU
		{39EDDAEF-5DA1-4A5E-B191-103EA32B336B}.Release|Any CPU.Build.0 = Release|Any CPU
	EndGlobalSection
	GlobalSection(SolutionProperties) = preSolution
		HideSolutionNode = FALSE
	EndGlobalSection
	GlobalSection(ExtensibilityGlobals) = postSolution
		SolutionGuid = {3645F022-39BB-47C4-8B03-F3D8B1A7F75F}
	EndGlobalSection
EndGlobal
