
Microsoft Visual Studio Solution File, Format Version 12.00
# Visual Studio Version 16
VisualStudioVersion = 16.0.30907.101
MinimumVisualStudioVersion = 10.0.40219.1
Project("{9A19103F-16F7-4668-BE54-9A1E7A4F7556}") = "app", "app.csproj", "{91111611-3D5C-4F59-9CB1-160E80839DCD}"
EndProject
Global
	GlobalSection(SolutionConfigurationPlatforms) = preSolution
		Debug|Any CPU = Debug|Any CPU
		Release|Any CPU = Release|Any CPU
	EndGlobalSection
	GlobalSection(ProjectConfigurationPlatforms) = postSolution
		{91111611-3D5C-4F59-9CB1-160E80839DCD}.Debug|Any CPU.ActiveCfg = Debug|Any CPU
		{91111611-3D5C-4F59-9CB1-160E80839DCD}.Debug|Any CPU.Build.0 = Debug|Any CPU
		{91111611-3D5C-4F59-9CB1-160E80839DCD}.Release|Any CPU.ActiveCfg = Release|Any CPU
		{91111611-3D5C-4F59-9CB1-160E80839DCD}.Release|Any CPU.Build.0 = Release|Any CPU
	EndGlobalSection
	GlobalSection(SolutionProperties) = preSolution
		HideSolutionNode = FALSE
	EndGlobalSection
	GlobalSection(ExtensibilityGlobals) = postSolution
		SolutionGuid = {65F745F7-64D6-4871-9771-842FACA7261E}
	EndGlobalSection
EndGlobal
