
Microsoft Visual Studio Solution File, Format Version 12.00
# Visual Studio Version 17
VisualStudioVersion = 17.0.31903.59
MinimumVisualStudioVersion = 10.0.40219.1
Project("{FAE04EC0-301F-11D3-BF4B-00C04F79EFBC}") = "BlazorServerSample", "BlazorServerSample.csproj", "{BAF10141-0B9F-473F-889C-85E2844FDC09}"
EndProject
Global
	GlobalSection(SolutionConfigurationPlatforms) = preSolution
		Debug|Any CPU = Debug|Any CPU
		Release|Any CPU = Release|Any CPU
	EndGlobalSection
	GlobalSection(ProjectConfigurationPlatforms) = postSolution
		{BAF10141-0B9F-473F-889C-85E2844FDC09}.Debug|Any CPU.ActiveCfg = Debug|Any CPU
		{BAF10141-0B9F-473F-889C-85E2844FDC09}.Debug|Any CPU.Build.0 = Debug|Any CPU
		{BAF10141-0B9F-473F-889C-85E2844FDC09}.Release|Any CPU.ActiveCfg = Release|Any CPU
		{BAF10141-0B9F-473F-889C-85E2844FDC09}.Release|Any CPU.Build.0 = Release|Any CPU
	EndGlobalSection
	GlobalSection(SolutionProperties) = preSolution
		HideSolutionNode = FALSE
	EndGlobalSection
	GlobalSection(ExtensibilityGlobals) = postSolution
		SolutionGuid = {CF3FB1DE-1699-45EA-A5E1-1E1CA243E3BA}
	EndGlobalSection
EndGlobal
