
Microsoft Visual Studio Solution File, Format Version 12.00
# Visual Studio Version 16
VisualStudioVersion = 16.0.30320.27
MinimumVisualStudioVersion = 10.0.40219.1
Project("{9A19103F-16F7-4668-BE54-9A1E7A4F7556}") = "MiniMeConsole", "MiniMeConsole.csproj", "{CDF33034-359B-4FE4-ABC5-513C9B840CB0}"
EndProject
Global
	GlobalSection(SolutionConfigurationPlatforms) = preSolution
		Debug|Any CPU = Debug|Any CPU
		Release|Any CPU = Release|Any CPU
	EndGlobalSection
	GlobalSection(ProjectConfigurationPlatforms) = postSolution
		{CDF33034-359B-4FE4-ABC5-513C9B840CB0}.Debug|Any CPU.ActiveCfg = Debug|Any CPU
		{CDF33034-359B-4FE4-ABC5-513C9B840CB0}.Debug|Any CPU.Build.0 = Debug|Any CPU
		{CDF33034-359B-4FE4-ABC5-513C9B840CB0}.Release|Any CPU.ActiveCfg = Release|Any CPU
		{CDF33034-359B-4FE4-ABC5-513C9B840CB0}.Release|Any CPU.Build.0 = Release|Any CPU
	EndGlobalSection
	GlobalSection(SolutionProperties) = preSolution
		HideSolutionNode = FALSE
	EndGlobalSection
	GlobalSection(ExtensibilityGlobals) = postSolution
		SolutionGuid = {96D8EEF9-86E4-4607-A83F-2C302CB90C41}
	EndGlobalSection
EndGlobal
