
Microsoft Visual Studio Solution File, Format Version 12.00
# Visual Studio Version 16
VisualStudioVersion = 16.0.30406.217
MinimumVisualStudioVersion = 10.0.40219.1
Project("{9A19103F-16F7-4668-BE54-9A1E7A4F7556}") = "ObjectDetector", "ObjectDetector.csproj", "{2E80F970-C941-4BE6-A532-20D452BE0DB8}"
EndProject
Global
	GlobalSection(SolutionConfigurationPlatforms) = preSolution
		Debug|Any CPU = Debug|Any CPU
		Release|Any CPU = Release|Any CPU
	EndGlobalSection
	GlobalSection(ProjectConfigurationPlatforms) = postSolution
		{2E80F970-C941-4BE6-A532-20D452BE0DB8}.Debug|Any CPU.ActiveCfg = Debug|Any CPU
		{2E80F970-C941-4BE6-A532-20D452BE0DB8}.Debug|Any CPU.Build.0 = Debug|Any CPU
		{2E80F970-C941-4BE6-A532-20D452BE0DB8}.Release|Any CPU.ActiveCfg = Release|Any CPU
		{2E80F970-C941-4BE6-A532-20D452BE0DB8}.Release|Any CPU.Build.0 = Release|Any CPU
	EndGlobalSection
	GlobalSection(SolutionProperties) = preSolution
		HideSolutionNode = FALSE
	EndGlobalSection
	GlobalSection(ExtensibilityGlobals) = postSolution
		SolutionGuid = {70BD7A6A-C606-448C-9CFC-B5DA00C9E63E}
	EndGlobalSection
EndGlobal
